{
  "nodes": {
    "git-map": {
      "inputs": {
        "nixpkgs": [
          "nixpkgs"
        ]
      },
      "locked": {
        "lastModified": 1775762969,
        "narHash": "sha256-47+E1cccIvsRWXYB6prXpnhl5IkpLgbHhGvKk0Rh570=",
        "owner": "clarkema",
        "repo": "git-map",
        "rev": "363372e740e434d22b0cde0d00fc577baee2ecc8",
        "type": "github"
      },
      "original": {
        "owner": "clarkema",
        "repo": "git-map",
        "type": "github"
      }
    },
    "nixpkgs": {
      "locked": {
        "lastModified": 1768028080,
        "narHash": "sha256-50aDK+8eLvsLK39TzQhKNq50/HcXyP4hyxOYoPoVxjo=",
        "owner": "nixos",
        "repo": "nixpkgs",
        "rev": "d03088749a110d52a4739348f39a63f84bb0be14",
        "type": "github"
      },
      "original": {
        "owner": "nixos",
        "ref": "nixos-25.11",
        "repo": "nixpkgs",
        "type": "github"
      }
    },
    "root": {
      "inputs": {
        "git-map": "git-map",
        "nixpkgs": "nixpkgs"
      }
    }
  },
  "root": "root",
  "version": 7
}
